{
  "name": "publickey-angular",
  "version": "0.0.1",
  "lockfileVersion": 1,
  "requires": true,
  "dependencies": {
    "@mailchain/http-helpers-angular": {
      "version": "0.0.4",
      "resolved": "https://registry.npmjs.org/@mailchain/http-helpers-angular/-/http-helpers-angular-0.0.4.tgz",
      "integrity": "sha512-iBb+Pprbp8XxvTe4aJ99YGx2LyBynpVTnl+pE9H2Ect+J/rg0z8Y/o+oZ5R55xonYN9cCAlGRRKKbodHivpdww==",
      "requires": {
        "tslib": "^1.9.0"
      }
    },
    "tslib": {
      "version": "1.11.1",
      "resolved": "https://registry.npmjs.org/tslib/-/tslib-1.11.1.tgz",
      "integrity": "sha512-aZW88SY8kQbU7gpV19lN24LtXh/yD4ZZg6qieAJDDg+YBsJcSmLGK9QpnUjAKVG/xefmvJGd1WUmfpT/g6AJGA=="
    }
  }
}
